
Microsoft Visual Studio Solution File, Format Version 12.00
# Visual Studio Version 16
VisualStudioVersion = 16.0.29123.88
MinimumVisualStudioVersion = 10.0.40219.1
Project("{FAE04EC0-301F-11D3-BF4B-00C04F79EFBC}") = "Licture6", "Licture6\Licture6.csproj", "{E2337F7D-ECFC-4795-A9D6-454CEA8FF5E1}"
EndProject
Global
	GlobalSection(SolutionConfigurationPlatforms) = preSolution
		Debug|Any CPU = Debug|Any CPU
		Release|Any CPU = Release|Any CPU
	EndGlobalSection
	GlobalSection(ProjectConfigurationPlatforms) = postSolution
		{E2337F7D-ECFC-4795-A9D6-454CEA8FF5E1}.Debug|Any CPU.ActiveCfg = Debug|Any CPU
		{E2337F7D-ECFC-4795-A9D6-454CEA8FF5E1}.Debug|Any CPU.Build.0 = Debug|Any CPU
		{E2337F7D-ECFC-4795-A9D6-454CEA8FF5E1}.Release|Any CPU.ActiveCfg = Release|Any CPU
		{E2337F7D-ECFC-4795-A9D6-454CEA8FF5E1}.Release|Any CPU.Build.0 = Release|Any CPU
	EndGlobalSection
	GlobalSection(SolutionProperties) = preSolution
		HideSolutionNode = FALSE
	EndGlobalSection
	GlobalSection(ExtensibilityGlobals) = postSolution
		SolutionGuid = {65F9F5F2-6DEC-4EA8-BBE0-C0905216B9A4}
	EndGlobalSection
EndGlobal
